// !$*UTF8*$!
{
	archiveVersion = 1;
	classes = {
	};
	objectVersion = 50;
	objects = {

/* Begin PBXBuildFile section */
		2768B93021FA98D40088997A /* AppDelegate.m in Sources */ = {isa = PBXBuildFile; fileRef = 2768B92F21FA98D40088997A /* AppDelegate.m */; };
		2768B93321FA98D40088997A /* ViewController.m in Sources */ = {isa = PBXBuildFile; fileRef = 2768B93221FA98D40088997A /* ViewController.m */; };
		2768B93621FA98D40088997A /* Main.storyboard in Resources */ = {isa = PBXBuildFile; fileRef = 2768B93421FA98D40088997A /* Main.storyboard */; };
		2768B93821FA98D50088997A /* Assets.xcassets in Resources */ = {isa = PBXBuildFile; fileRef = 2768B93721FA98D50088997A /* Assets.xcassets */; };
		2768B93B21FA98D50088997A /* LaunchScreen.storyboard in Resources */ = {isa = PBXBuildFile; fileRef = 2768B93921FA98D50088997A /* LaunchScreen.storyboard */; };
		2768B93E21FA98D50088997A /* main.m in Sources */ = {isa = PBXBuildFile; fileRef = 2768B93D21FA98D50088997A /* main.m */; };
		2768B94621FA99180088997A /* DemoClass1.m in Sources */ = {isa = PBXBuildFile; fileRef = 2768B94521FA99180088997A /* DemoClass1.m */; };
		2768B94A21FAA0990088997A /* UILabel+Demo2.m in Sources */ = {isa = PBXBuildFile; fileRef = 2768B94921FAA0990088997A /* UILabel+Demo2.m */; };
/* End PBXBuildFile section */

/* Begin PBXFileReference section */
		2768B92B21FA98D40088997A /* property_dynamic.app */ = {isa = PBXFileReference; explicitFileType = wrapper.application; includeInIndex = 0; path = property_dynamic.app; sourceTree = BUILT_PRODUCTS_DIR; };
		2768B92E21FA98D40088997A /* AppDelegate.h */ = {isa = PBXFileReference; lastKnownFileType = sourcecode.c.h; path = AppDelegate.h; sourceTree = "<group>"; };
		2768B92F21FA98D40088997A /* AppDelegate.m */ = {isa = PBXFileReference; lastKnownFileType = sourcecode.c.objc; path = AppDelegate.m; sourceTree = "<group>"; };
		2768B93121FA98D40088997A /* ViewController.h */ = {isa = PBXFileReference; lastKnownFileType = sourcecode.c.h; path = ViewController.h; sourceTree = "<group>"; };
		2768B93221FA98D40088997A /* ViewController.m */ = {isa = PBXFileReference; lastKnownFileType = sourcecode.c.objc; path = ViewController.m; sourceTree = "<group>"; };
		2768B93521FA98D40088997A /* Base */ = {isa = PBXFileReference; lastKnownFileType = file.storyboard; name = Base; path = Base.lproj/Main.storyboard; sourceTree = "<group>"; };
		2768B93721FA98D50088997A /* Assets.xcassets */ = {isa = PBXFileReference; lastKnownFileType = folder.assetcatalog; path = Assets.xcassets; sourceTree = "<group>"; };
		2768B93A21FA98D50088997A /* Base */ = {isa = PBXFileReference; lastKnownFileType = file.storyboard; name = Base; path = Base.lproj/LaunchScreen.storyboard; sourceTree = "<group>"; };
		2768B93C21FA98D50088997A /* Info.plist */ = {isa = PBXFileReference; lastKnownFileType = text.plist.xml; path = Info.plist; sourceTree = "<group>"; };
		2768B93D21FA98D50088997A /* main.m */ = {isa = PBXFileReference; lastKnownFileType = sourcecode.c.objc; path = main.m; sourceTree = "<group>"; };
		2768B94421FA99180088997A /* DemoClass1.h */ = {isa = PBXFileReference; lastKnownFileType = sourcecode.c.h; path = DemoClass1.h; sourceTree = "<group>"; };
		2768B94521FA99180088997A /* DemoClass1.m */ = {isa = PBXFileReference; lastKnownFileType = sourcecode.c.objc; path = DemoClass1.m; sourceTree = "<group>"; };
		2768B94821FAA0990088997A /* UILabel+Demo2.h */ = {isa = PBXFileReference; lastKnownFileType = sourcecode.c.h; path = "UILabel+Demo2.h"; sourceTree = "<group>"; };
		2768B94921FAA0990088997A /* UILabel+Demo2.m */ = {isa = PBXFileReference; lastKnownFileType = sourcecode.c.objc; path = "UILabel+Demo2.m"; sourceTree = "<group>"; };
/* End PBXFileReference section */

/* Begin PBXFrameworksBuildPhase section */
		2768B92821FA98D40088997A /* Frameworks */ = {
			isa = PBXFrameworksBuildPhase;
			buildActionMask = 2147483647;
			files = (
			);
			runOnlyForDeploymentPostprocessing = 0;
		};
/* End PBXFrameworksBuildPhase section */

/* Begin PBXGroup section */
		2768B92221FA98D40088997A = {
			isa = PBXGroup;
			children = (
				2768B92D21FA98D40088997A /* property_dynamic */,
				2768B92C21FA98D40088997A /* Products */,
			);
			sourceTree = "<group>";
		};
		2768B92C21FA98D40088997A /* Products */ = {
			isa = PBXGroup;
			children = (
				2768B92B21FA98D40088997A /* property_dynamic.app */,
			);
			name = Products;
			sourceTree = "<group>";
		};
		2768B92D21FA98D40088997A /* property_dynamic */ = {
			isa = PBXGroup;
			children = (
				2768B94721FA992D0088997A /* Demo */,
				2768B92E21FA98D40088997A /* AppDelegate.h */,
				2768B92F21FA98D40088997A /* AppDelegate.m */,
				2768B93121FA98D40088997A /* ViewController.h */,
				2768B93221FA98D40088997A /* ViewController.m */,
				2768B93421FA98D40088997A /* Main.storyboard */,
				2768B93721FA98D50088997A /* Assets.xcassets */,
				2768B93921FA98D50088997A /* LaunchScreen.storyboard */,
				2768B93C21FA98D50088997A /* Info.plist */,
				2768B93D21FA98D50088997A /* main.m */,
			);
			path = property_dynamic;
			sourceTree = "<group>";
		};
		2768B94721FA992D0088997A /* Demo */ = {
			isa = PBXGroup;
			children = (
				2768B94421FA99180088997A /* DemoClass1.h */,
				2768B94521FA99180088997A /* DemoClass1.m */,
				2768B94821FAA0990088997A /* UILabel+Demo2.h */,
				2768B94921FAA0990088997A /* UILabel+Demo2.m */,
			);
			path = Demo;
			sourceTree = "<group>";
		};
/* End PBXGroup section */

/* Begin PBXNativeTarget section */
		2768B92A21FA98D40088997A /* property_dynamic */ = {
			isa = PBXNativeTarget;
			buildConfigurationList = 2768B94121FA98D50088997A /* Build configuration list for PBXNativeTarget "property_dynamic" */;
			buildPhases = (
				2768B92721FA98D40088997A /* Sources */,
				2768B92821FA98D40088997A /* Frameworks */,
				2768B92921FA98D40088997A /* Resources */,
			);
			buildRules = (
			);
			dependencies = (
			);
			name = property_dynamic;
			productName = property_dynamic;
			productReference = 2768B92B21FA98D40088997A /* property_dynamic.app */;
			productType = "com.apple.product-type.application";
		};
/* End PBXNativeTarget section */

/* Begin PBXProject section */
		2768B92321FA98D40088997A /* Project object */ = {
			isa = PBXProject;
			attributes = {
				LastUpgradeCheck = 1010;
				ORGANIZATIONNAME = "梁通";
				TargetAttributes = {
					2768B92A21FA98D40088997A = {
						CreatedOnToolsVersion = 10.1;
					};
				};
			};
			buildConfigurationList = 2768B92621FA98D40088997A /* Build configuration list for PBXProject "property_dynamic" */;
			compatibilityVersion = "Xcode 9.3";
			developmentRegion = en;
			hasScannedForEncodings = 0;
			knownRegions = (
				en,
				Base,
			);
			mainGroup = 2768B92221FA98D40088997A;
			productRefGroup = 2768B92C21FA98D40088997A /* Products */;
			projectDirPath = "";
			projectRoot = "";
			targets = (
				2768B92A21FA98D40088997A /* property_dynamic */,
			);
		};
/* End PBXProject section */

/* Begin PBXResourcesBuildPhase section */
		2768B92921FA98D40088997A /* Resources */ = {
			isa = PBXResourcesBuildPhase;
			buildActionMask = 2147483647;
			files = (
				2768B93B21FA98D50088997A /* LaunchScreen.storyboard in Resources */,
				2768B93821FA98D50088997A /* Assets.xcassets in Resources */,
				2768B93621FA98D40088997A /* Main.storyboard in Resources */,
			);
			runOnlyForDeploymentPostprocessing = 0;
		};
/* End PBXResourcesBuildPhase section */

/* Begin PBXSourcesBuildPhase section */
		2768B92721FA98D40088997A /* Sources */ = {
			isa = PBXSourcesBuildPhase;
			buildActionMask = 2147483647;
			files = (
				2768B93321FA98D40088997A /* ViewController.m in Sources */,
				2768B94A21FAA0990088997A /* UILabel+Demo2.m in Sources */,
				2768B93E21FA98D50088997A /* main.m in Sources */,
				2768B93021FA98D40088997A /* AppDelegate.m in Sources */,
				2768B94621FA99180088997A /* DemoClass1.m in Sources */,
			);
			runOnlyForDeploymentPostprocessing = 0;
		};
/* End PBXSourcesBuildPhase section */

/* Begin PBXVariantGroup section */
		2768B93421FA98D40088997A /* Main.storyboard */ = {
			isa = PBXVariantGroup;
			children = (
				2768B93521FA98D40088997A /* Base */,
			);
			name = Main.storyboard;
			sourceTree = "<group>";
		};
		2768B93921FA98D50088997A /* LaunchScreen.storyboard */ = {
			isa = PBXVariantGroup;
			children = (
				2768B93A21FA98D50088997A /* Base */,
			);
			name = LaunchScreen.storyboard;
			sourceTree = "<group>";
		};
/* End PBXVariantGroup section */

/* Begin XCBuildConfiguration section */
		2768B93F21FA98D50088997A /* Debug */ = {
			isa = XCBuildConfiguration;
			buildSettings = {
				ALWAYS_SEARCH_USER_PATHS = NO;
				CLANG_ANALYZER_NONNULL = YES;
				CLANG_ANALYZER_NUMBER_OBJECT_CONVERSION = YES_AGGRESSIVE;
				CLANG_CXX_LANGUAGE_STANDARD = "gnu++14";
				CLANG_CXX_LIBRARY = "libc++";
				CLANG_ENABLE_MODULES = YES;
				CLANG_ENABLE_OBJC_ARC = YES;
				CLANG_ENABLE_OBJC_WEAK = YES;
				CLANG_WARN_BLOCK_CAPTURE_AUTORELEASING = YES;
				CLANG_WARN_BOOL_CONVERSION = YES;
				CLANG_WARN_COMMA = YES;
				CLANG_WARN_CONSTANT_CONVERSION = YES;
				CLANG_WARN_DEPRECATED_OBJC_IMPLEMENTATIONS = YES;
				CLANG_WARN_DIRECT_OBJC_ISA_USAGE = YES_ERROR;
				CLANG_WARN_DOCUMENTATION_COMMENTS = YES;
				CLANG_WARN_EMPTY_BODY = YES;
				CLANG_WARN_ENUM_CONVERSION = YES;
				CLANG_WARN_INFINITE_RECURSION = YES;
				CLANG_WARN_INT_CONVERSION = YES;
				CLANG_WARN_NON_LITERAL_NULL_CONVERSION = YES;
				CLANG_WARN_OBJC_IMPLICIT_RETAIN_SELF = YES;
				CLANG_WARN_OBJC_LITERAL_CONVERSION = YES;
				CLANG_WARN_OBJC_ROOT_CLASS = YES_ERROR;
				CLANG_WARN_RANGE_LOOP_ANALYSIS = YES;
				CLANG_WARN_STRICT_PROTOTYPES = YES;
				CLANG_WARN_SUSPICIOUS_MOVE = YES;
				CLANG_WARN_UNGUARDED_AVAILABILITY = YES_AGGRESSIVE;
				CLANG_WARN_UNREACHABLE_CODE = YES;
				CLANG_WARN__DUPLICATE_METHOD_MATCH = YES;
				CODE_SIGN_IDENTITY = "iPhone Developer";
				COPY_PHASE_STRIP = NO;
				DEBUG_INFORMATION_FORMAT = dwarf;
				ENABLE_STRICT_OBJC_MSGSEND = YES;
				ENABLE_TESTABILITY = YES;
				GCC_C_LANGUAGE_STANDARD = gnu11;
				GCC_DYNAMIC_NO_PIC = NO;
				GCC_NO_COMMON_BLOCKS = YES;
				GCC_OPTIMIZATION_LEVEL = 0;
				GCC_PREPROCESSOR_DEFINITIONS = (
					"DEBUG=1",
					"$(inherited)",
				);
				GCC_WARN_64_TO_32_BIT_CONVERSION = YES;
				GCC_WARN_ABOUT_RETURN_TYPE = YES_ERROR;
				GCC_WARN_UNDECLARED_SELECTOR = YES;
				GCC_WARN_UNINITIALIZED_AUTOS = YES_AGGRESSIVE;
				GCC_WARN_UNUSED_FUNCTION = YES;
				GCC_WARN_UNUSED_VARIABLE = YES;
				IPHONEOS_DEPLOYMENT_TARGET = 12.1;
				MTL_ENABLE_DEBUG_INFO = INCLUDE_SOURCE;
				MTL_FAST_MATH = YES;
				ONLY_ACTIVE_ARCH = YES;
				SDKROOT = iphoneos;
			};
			name = Debug;
		};
		2768B94021FA98D50088997A /* Release */ = {
			isa = XCBuildConfiguration;
			buildSettings = {
				ALWAYS_SEARCH_USER_PATHS = NO;
				CLANG_ANALYZER_NONNULL = YES;
				CLANG_ANALYZER_NUMBER_OBJECT_CONVERSION = YES_AGGRESSIVE;
				CLANG_CXX_LANGUAGE_STANDARD = "gnu++14";
				CLANG_CXX_LIBRARY = "libc++";
				CLANG_ENABLE_MODULES = YES;
				CLANG_ENABLE_OBJC_ARC = YES;
				CLANG_ENABLE_OBJC_WEAK = YES;
				CLANG_WARN_BLOCK_CAPTURE_AUTORELEASING = YES;
				CLANG_WARN_BOOL_CONVERSION = YES;
				CLANG_WARN_COMMA = YES;
				CLANG_WARN_CONSTANT_CONVERSION = YES;
				CLANG_WARN_DEPRECATED_OBJC_IMPLEMENTATIONS = YES;
				CLANG_WARN_DIRECT_OBJC_ISA_USAGE = YES_ERROR;
				CLANG_WARN_DOCUMENTATION_COMMENTS = YES;
				CLANG_WARN_EMPTY_BODY = YES;
				CLANG_WARN_ENUM_CONVERSION = YES;
				CLANG_WARN_INFINITE_RECURSION = YES;
				CLANG_WARN_INT_CONVERSION = YES;
				CLANG_WARN_NON_LITERAL_NULL_CONVERSION = YES;
				CLANG_WARN_OBJC_IMPLICIT_RETAIN_SELF = YES;
				CLANG_WARN_OBJC_LITERAL_CONVERSION = YES;
				CLANG_WARN_OBJC_ROOT_CLASS = YES_ERROR;
				CLANG_WARN_RANGE_LOOP_ANALYSIS = YES;
				CLANG_WARN_STRICT_PROTOTYPES = YES;
				CLANG_WARN_SUSPICIOUS_MOVE = YES;
				CLANG_WARN_UNGUARDED_AVAILABILITY = YES_AGGRESSIVE;
				CLANG_WARN_UNREACHABLE_CODE = YES;
				CLANG_WARN__DUPLICATE_METHOD_MATCH = YES;
				CODE_SIGN_IDENTITY = "iPhone Developer";
				COPY_PHASE_STRIP = NO;
				DEBUG_INFORMATION_FORMAT = "dwarf-with-dsym";
				ENABLE_NS_ASSERTIONS = NO;
				ENABLE_STRICT_OBJC_MSGSEND = YES;
				GCC_C_LANGUAGE_STANDARD = gnu11;
				GCC_NO_COMMON_BLOCKS = YES;
				GCC_WARN_64_TO_32_BIT_CONVERSION = YES;
				GCC_WARN_ABOUT_RETURN_TYPE = YES_ERROR;
				GCC_WARN_UNDECLARED_SELECTOR = YES;
				GCC_WARN_UNINITIALIZED_AUTOS = YES_AGGRESSIVE;
				GCC_WARN_UNUSED_FUNCTION = YES;
				GCC_WARN_UNUSED_VARIABLE = YES;
				IPHONEOS_DEPLOYMENT_TARGET = 12.1;
				MTL_ENABLE_DEBUG_INFO = NO;
				MTL_FAST_MATH = YES;
				SDKROOT = iphoneos;
				VALIDATE_PRODUCT = YES;
			};
			name = Release;
		};
		2768B94221FA98D50088997A /* Debug */ = {
			isa = XCBuildConfiguration;
			buildSettings = {
				ASSETCATALOG_COMPILER_APPICON_NAME = AppIcon;
				CODE_SIGN_STYLE = Automatic;
				INFOPLIST_FILE = property_dynamic/Info.plist;
				IPHONEOS_DEPLOYMENT_TARGET = 9.1;
				LD_RUNPATH_SEARCH_PATHS = (
					"$(inherited)",
					"@executable_path/Frameworks",
				);
				PRODUCT_BUNDLE_IDENTIFIER = "com.liangtongdev.property-dynamic";
				PRODUCT_NAME = "$(TARGET_NAME)";
				TARGETED_DEVICE_FAMILY = "1,2";
			};
			name = Debug;
		};
		2768B94321FA98D50088997A /* Release */ = {
			isa = XCBuildConfiguration;
			buildSettings = {
				ASSETCATALOG_COMPILER_APPICON_NAME = AppIcon;
				CODE_SIGN_STYLE = Automatic;
				INFOPLIST_FILE = property_dynamic/Info.plist;
				IPHONEOS_DEPLOYMENT_TARGET = 9.1;
				LD_RUNPATH_SEARCH_PATHS = (
					"$(inherited)",
					"@executable_path/Frameworks",
				);
				PRODUCT_BUNDLE_IDENTIFIER = "com.liangtongdev.property-dynamic";
				PRODUCT_NAME = "$(TARGET_NAME)";
				TARGETED_DEVICE_FAMILY = "1,2";
			};
			name = Release;
		};
/* End XCBuildConfiguration section */

/* Begin XCConfigurationList section */
		2768B92621FA98D40088997A /* Build configuration list for PBXProject "property_dynamic" */ = {
			isa = XCConfigurationList;
			buildConfigurations = (
				2768B93F21FA98D50088997A /* Debug */,
				2768B94021FA98D50088997A /* Release */,
			);
			defaultConfigurationIsVisible = 0;
			defaultConfigurationName = Release;
		};
		2768B94121FA98D50088997A /* Build configuration list for PBXNativeTarget "property_dynamic" */ = {
			isa = XCConfigurationList;
			buildConfigurations = (
				2768B94221FA98D50088997A /* Debug */,
				2768B94321FA98D50088997A /* Release */,
			);
			defaultConfigurationIsVisible = 0;
			defaultConfigurationName = Release;
		};
/* End XCConfigurationList section */
	};
	rootObject = 2768B92321FA98D40088997A /* Project object */;
}
